{
	"name": "weather-cli",
	"version": "1.0.0",
	"lockfileVersion": 2,
	"requires": true,
	"packages": {
		"": {
			"name": "weather-cli",
			"version": "1.0.0",
			"license": "ISC",
			"dependencies": {
				"axios": "^0.26.1",
				"chalk": "^5.0.1",
				"dedent-js": "^1.0.1"
			},
			"bin": {
				"weather": "weather.js"
			}
		},
		"node_modules/axios": {
			"version": "0.26.1",
			"resolved": "https://registry.npmjs.org/axios/-/axios-0.26.1.tgz",
			"integrity": "sha512-fPwcX4EvnSHuInCMItEhAGnaSEXRBjtzh9fOtsE6E1G6p7vl7edEeZe11QHf18+6+9gR5PbKV/sGKNaD8YaMeA==",
			"dependencies": {
				"follow-redirects": "^1.14.8"
			}
		},
		"node_modules/chalk": {
			"version": "5.0.1",
			"resolved": "https://registry.npmjs.org/chalk/-/chalk-5.0.1.tgz",
			"integrity": "sha512-Fo07WOYGqMfCWHOzSXOt2CxDbC6skS/jO9ynEcmpANMoPrD+W1r1K6Vx7iNm+AQmETU1Xr2t+n8nzkV9t6xh3w==",
			"engines": {
				"node": "^12.17.0 || ^14.13 || >=16.0.0"
			},
			"funding": {
				"url": "https://github.com/chalk/chalk?sponsor=1"
			}
		},
		"node_modules/dedent-js": {
			"version": "1.0.1",
			"resolved": "https://registry.npmjs.org/dedent-js/-/dedent-js-1.0.1.tgz",
			"integrity": "sha1-vuX7fJ5yfYXf+iRZDRDsGrElUwU="
		},
		"node_modules/follow-redirects": {
			"version": "1.14.9",
			"resolved": "https://registry.npmjs.org/follow-redirects/-/follow-redirects-1.14.9.tgz",
			"integrity": "sha512-MQDfihBQYMcyy5dhRDJUHcw7lb2Pv/TuE6xP1vyraLukNDHKbDxDNaOE3NbCAdKQApno+GPRyo1YAp89yCjK4w==",
			"funding": [
				{
					"type": "individual",
					"url": "https://github.com/sponsors/RubenVerborgh"
				}
			],
			"engines": {
				"node": ">=4.0"
			},
			"peerDependenciesMeta": {
				"debug": {
					"optional": true
				}
			}
		}
	},
	"dependencies": {
		"axios": {
			"version": "0.26.1",
			"resolved": "https://registry.npmjs.org/axios/-/axios-0.26.1.tgz",
			"integrity": "sha512-fPwcX4EvnSHuInCMItEhAGnaSEXRBjtzh9fOtsE6E1G6p7vl7edEeZe11QHf18+6+9gR5PbKV/sGKNaD8YaMeA==",
			"requires": {
				"follow-redirects": "^1.14.8"
			}
		},
		"chalk": {
			"version": "5.0.1",
			"resolved": "https://registry.npmjs.org/chalk/-/chalk-5.0.1.tgz",
			"integrity": "sha512-Fo07WOYGqMfCWHOzSXOt2CxDbC6skS/jO9ynEcmpANMoPrD+W1r1K6Vx7iNm+AQmETU1Xr2t+n8nzkV9t6xh3w=="
		},
		"dedent-js": {
			"version": "1.0.1",
			"resolved": "https://registry.npmjs.org/dedent-js/-/dedent-js-1.0.1.tgz",
			"integrity": "sha1-vuX7fJ5yfYXf+iRZDRDsGrElUwU="
		},
		"follow-redirects": {
			"version": "1.14.9",
			"resolved": "https://registry.npmjs.org/follow-redirects/-/follow-redirects-1.14.9.tgz",
			"integrity": "sha512-MQDfihBQYMcyy5dhRDJUHcw7lb2Pv/TuE6xP1vyraLukNDHKbDxDNaOE3NbCAdKQApno+GPRyo1YAp89yCjK4w=="
		}
	}
}
